{
  "name": "ITFest",
  "lockfileVersion": 3,
  "requires": true,
  "packages": {
    "": {
      "dependencies": {
        "@fontsource/dm-serif-display": "^5.2.6"
      }
    },
    "node_modules/@fontsource/dm-serif-display": {
      "version": "5.2.6",
      "resolved": "https://registry.npmjs.org/@fontsource/dm-serif-display/-/dm-serif-display-5.2.6.tgz",
      "integrity": "sha512-V/JaidjpfZu8TD9rGM3bIhDMCzS79C/mMWHPK9EtJT8S2qghXahDFZdlfria5T+OGpffGuHKL4st4UIFMdTM4A==",
      "funding": {
        "url": "https://github.com/sponsors/ayuhito"
      }
    }
  }
}
